
Microsoft Visual Studio Solution File, Format Version 12.00
# Visual Studio Version 16
VisualStudioVersion = 16.0.30320.27
MinimumVisualStudioVersion = 10.0.40219.1
Project("{FAE04EC0-301F-11D3-BF4B-00C04F79EFBC}") = "CrossRouting", "CrossRouting\CrossRouting.csproj", "{90159CB2-C025-4692-B34A-949E5497CE93}"
EndProject
Project("{FAE04EC0-301F-11D3-BF4B-00C04F79EFBC}") = "Entities", "Entities\Entities.csproj", "{ABFA31BE-5936-4298-8483-3BC29D4BE3E6}"
EndProject
Project("{FAE04EC0-301F-11D3-BF4B-00C04F79EFBC}") = "Repositories", "Repositories\Repositories.csproj", "{F2202676-3881-4398-8E04-E719F4C7FFF5}"
EndProject
Project("{FAE04EC0-301F-11D3-BF4B-00C04F79EFBC}") = "Coinage", "Coinage\Coinage.csproj", "{C9EEF970-8720-43BD-A5A9-860797EE0992}"
EndProject
Global
	GlobalSection(SolutionConfigurationPlatforms) = preSolution
		Debug|Any CPU = Debug|Any CPU
		Release|Any CPU = Release|Any CPU
	EndGlobalSection
	GlobalSection(ProjectConfigurationPlatforms) = postSolution
		{90159CB2-C025-4692-B34A-949E5497CE93}.Debug|Any CPU.ActiveCfg = Debug|Any CPU
		{90159CB2-C025-4692-B34A-949E5497CE93}.Debug|Any CPU.Build.0 = Debug|Any CPU
		{90159CB2-C025-4692-B34A-949E5497CE93}.Release|Any CPU.ActiveCfg = Release|Any CPU
		{90159CB2-C025-4692-B34A-949E5497CE93}.Release|Any CPU.Build.0 = Release|Any CPU
		{ABFA31BE-5936-4298-8483-3BC29D4BE3E6}.Debug|Any CPU.ActiveCfg = Debug|Any CPU
		{ABFA31BE-5936-4298-8483-3BC29D4BE3E6}.Debug|Any CPU.Build.0 = Debug|Any CPU
		{ABFA31BE-5936-4298-8483-3BC29D4BE3E6}.Release|Any CPU.ActiveCfg = Release|Any CPU
		{ABFA31BE-5936-4298-8483-3BC29D4BE3E6}.Release|Any CPU.Build.0 = Release|Any CPU
		{F2202676-3881-4398-8E04-E719F4C7FFF5}.Debug|Any CPU.ActiveCfg = Debug|Any CPU
		{F2202676-3881-4398-8E04-E719F4C7FFF5}.Debug|Any CPU.Build.0 = Debug|Any CPU
		{F2202676-3881-4398-8E04-E719F4C7FFF5}.Release|Any CPU.ActiveCfg = Release|Any CPU
		{F2202676-3881-4398-8E04-E719F4C7FFF5}.Release|Any CPU.Build.0 = Release|Any CPU
		{C9EEF970-8720-43BD-A5A9-860797EE0992}.Debug|Any CPU.ActiveCfg = Debug|Any CPU
		{C9EEF970-8720-43BD-A5A9-860797EE0992}.Debug|Any CPU.Build.0 = Debug|Any CPU
		{C9EEF970-8720-43BD-A5A9-860797EE0992}.Release|Any CPU.ActiveCfg = Release|Any CPU
		{C9EEF970-8720-43BD-A5A9-860797EE0992}.Release|Any CPU.Build.0 = Release|Any CPU
	EndGlobalSection
	GlobalSection(SolutionProperties) = preSolution
		HideSolutionNode = FALSE
	EndGlobalSection
	GlobalSection(ExtensibilityGlobals) = postSolution
		SolutionGuid = {4B514945-AE98-4A5B-86B8-0653980FFBDD}
	EndGlobalSection
EndGlobal
